
Microsoft Visual Studio Solution File, Format Version 12.00
# Visual Studio Version 17
VisualStudioVersion = 17.0.31912.275
MinimumVisualStudioVersion = 10.0.40219.1
Project("{FAE04EC0-301F-11D3-BF4B-00C04F79EFBC}") = "App", "App\App.csproj", "{594C6E42-BF1D-443A-AA56-882A9AC39881}"
EndProject
Global
	GlobalSection(SolutionConfigurationPlatforms) = preSolution
		Debug|Any CPU = Debug|Any CPU
		Release|Any CPU = Release|Any CPU
	EndGlobalSection
	GlobalSection(ProjectConfigurationPlatforms) = postSolution
		{594C6E42-BF1D-443A-AA56-882A9AC39881}.Debug|Any CPU.ActiveCfg = Debug|Any CPU
		{594C6E42-BF1D-443A-AA56-882A9AC39881}.Debug|Any CPU.Build.0 = Debug|Any CPU
		{594C6E42-BF1D-443A-AA56-882A9AC39881}.Release|Any CPU.ActiveCfg = Release|Any CPU
		{594C6E42-BF1D-443A-AA56-882A9AC39881}.Release|Any CPU.Build.0 = Release|Any CPU
	EndGlobalSection
	GlobalSection(SolutionProperties) = preSolution
		HideSolutionNode = FALSE
	EndGlobalSection
	GlobalSection(ExtensibilityGlobals) = postSolution
		SolutionGuid = {4C87A742-184C-4AAB-BB07-90D94CFB782F}
	EndGlobalSection
EndGlobal
