
Microsoft Visual Studio Solution File, Format Version 12.00
# Visual Studio Version 17
VisualStudioVersion = 17.0.31912.275
MinimumVisualStudioVersion = 10.0.40219.1
Project("{9A19103F-16F7-4668-BE54-9A1E7A4F7556}") = "UI", "App\UI.csproj", "{594C6E42-BF1D-443A-AA56-882A9AC39881}"
EndProject
Project("{2150E333-8FDC-42A3-9474-1A3956D46DE8}") = "1", "1", "{CCF824AE-D795-4FA6-94B2-B3596EE337A9}"
EndProject
Project("{2150E333-8FDC-42A3-9474-1A3956D46DE8}") = "2", "2", "{08704824-279C-42C6-9FBD-C7C0B4DDC724}"
EndProject
Project("{2150E333-8FDC-42A3-9474-1A3956D46DE8}") = "3", "3", "{E1E89667-9483-4F1A-A3A8-1D5A1932964D}"
EndProject
Project("{9A19103F-16F7-4668-BE54-9A1E7A4F7556}") = "Logic.Infrastructure", "Logic.Infrastructure\Logic.Infrastructure.csproj", "{38A01EE0-6D84-4B0B-9406-E5456E988662}"
EndProject
Project("{9A19103F-16F7-4668-BE54-9A1E7A4F7556}") = "Logic.Implementation", "Logic.Implementation\Logic.Implementation.csproj", "{319CCA56-3706-4A09-931E-10CAD2CA5C26}"
EndProject
Global
	GlobalSection(SolutionConfigurationPlatforms) = preSolution
		Debug|Any CPU = Debug|Any CPU
		Release|Any CPU = Release|Any CPU
	EndGlobalSection
	GlobalSection(ProjectConfigurationPlatforms) = postSolution
		{594C6E42-BF1D-443A-AA56-882A9AC39881}.Debug|Any CPU.ActiveCfg = Debug|Any CPU
		{594C6E42-BF1D-443A-AA56-882A9AC39881}.Debug|Any CPU.Build.0 = Debug|Any CPU
		{594C6E42-BF1D-443A-AA56-882A9AC39881}.Release|Any CPU.ActiveCfg = Release|Any CPU
		{594C6E42-BF1D-443A-AA56-882A9AC39881}.Release|Any CPU.Build.0 = Release|Any CPU
		{38A01EE0-6D84-4B0B-9406-E5456E988662}.Debug|Any CPU.ActiveCfg = Debug|Any CPU
		{38A01EE0-6D84-4B0B-9406-E5456E988662}.Debug|Any CPU.Build.0 = Debug|Any CPU
		{38A01EE0-6D84-4B0B-9406-E5456E988662}.Release|Any CPU.ActiveCfg = Release|Any CPU
		{38A01EE0-6D84-4B0B-9406-E5456E988662}.Release|Any CPU.Build.0 = Release|Any CPU
		{319CCA56-3706-4A09-931E-10CAD2CA5C26}.Debug|Any CPU.ActiveCfg = Debug|Any CPU
		{319CCA56-3706-4A09-931E-10CAD2CA5C26}.Debug|Any CPU.Build.0 = Debug|Any CPU
		{319CCA56-3706-4A09-931E-10CAD2CA5C26}.Release|Any CPU.ActiveCfg = Release|Any CPU
		{319CCA56-3706-4A09-931E-10CAD2CA5C26}.Release|Any CPU.Build.0 = Release|Any CPU
	EndGlobalSection
	GlobalSection(SolutionProperties) = preSolution
		HideSolutionNode = FALSE
	EndGlobalSection
	GlobalSection(NestedProjects) = preSolution
		{594C6E42-BF1D-443A-AA56-882A9AC39881} = {E1E89667-9483-4F1A-A3A8-1D5A1932964D}
		{38A01EE0-6D84-4B0B-9406-E5456E988662} = {CCF824AE-D795-4FA6-94B2-B3596EE337A9}
		{319CCA56-3706-4A09-931E-10CAD2CA5C26} = {08704824-279C-42C6-9FBD-C7C0B4DDC724}
	EndGlobalSection
	GlobalSection(ExtensibilityGlobals) = postSolution
		SolutionGuid = {4C87A742-184C-4AAB-BB07-90D94CFB782F}
	EndGlobalSection
EndGlobal
